# This file is automatically @generated by Cargo.
# It is not intended for manual editing.
version = 4

[[package]]
name = "chess"
version = "0.0.0"

[[package]]
name = "chess-board-model"
version = "0.0.0"

[[package]]
name = "chess-bridge"
version = "0.0.0"

[[package]]
name = "chess-protocol"
version = "0.0.0"

[[package]]
name = "chess-simulator"
version = "0.0.0"

[[package]]
name = "xtask"
version = "0.0.0"
