# This file is automatically @generated by Cargo.
# It is not intended for manual editing.
version = 4

[[package]]
name = "firmware"
version = "0.0.0"
dependencies = [
 "logger",
]

[[package]]
name = "logger"
version = "0.0.0"
dependencies = [
 "spin",
]

[[package]]
name = "spin"
version = "0.12.3"
source = "registry+https://github.com/rust-lang/crates.io-index"
checksum = "0134f9043ed38b087ac4f7d4af44c79e2c9e5094421fe3164f435ce585953b10"
